
Microsoft Visual Studio Solution File, Format Version 12.00
# Visual Studio 15
VisualStudioVersion = 15.0.28307.168
MinimumVisualStudioVersion = 10.0.40219.1
Project("{FAE04EC0-301F-11D3-BF4B-00C04F79EFBC}") = "ClickHouse.Test", "ClickHouse.Test\ClickHouse.Test.csproj", "{739C884F-D6D8-4755-9A7A-3532EA49C49D}"
EndProject
Project("{FAE04EC0-301F-11D3-BF4B-00C04F79EFBC}") = "ClickHouse.Ado", "ClickHouse.Ado\ClickHouse.Ado.csproj", "{28629CF3-7958-48BF-BD52-A4314C762F9F}"
EndProject
Project("{FAE04EC0-301F-11D3-BF4B-00C04F79EFBC}") = "ClickHouse.isql", "ClickHouse.ISQL\ClickHouse.isql.csproj", "{747006A5-5160-4A18-B798-058BB3DCA4C2}"
EndProject
Project("{FAE04EC0-301F-11D3-BF4B-00C04F79EFBC}") = "ChunkedStream", "..\ChunkedStream\ChunkedStream\ChunkedStream.csproj", "{B1B31370-FBE4-445B-803B-5DF1846886AA}"
EndProject
Project("{FAE04EC0-301F-11D3-BF4B-00C04F79EFBC}") = "test", "test\test.csproj", "{09FC8685-773D-473D-A684-E61F35E4FC91}"
EndProject
Project("{FAE04EC0-301F-11D3-BF4B-00C04F79EFBC}") = "test2", "test2\test2.csproj", "{8A9A1085-B2D2-4698-8AE7-F0F98D074285}"
EndProject
Project("{FAE04EC0-301F-11D3-BF4B-00C04F79EFBC}") = "ConsoleApp1", "ConsoleApp1\ConsoleApp1.csproj", "{B33631FD-82EB-4257-AD02-CA9972EAFEA8}"
EndProject
Project("{FAE04EC0-301F-11D3-BF4B-00C04F79EFBC}") = "ConsoleApp2", "ConsoleApp2\ConsoleApp2.csproj", "{7002CA27-E78D-49FF-8888-E43B842B8C6A}"
EndProject
Global
	GlobalSection(SolutionConfigurationPlatforms) = preSolution
		Debug|Any CPU = Debug|Any CPU
		Release|Any CPU = Release|Any CPU
	EndGlobalSection
	GlobalSection(ProjectConfigurationPlatforms) = postSolution
		{739C884F-D6D8-4755-9A7A-3532EA49C49D}.Debug|Any CPU.ActiveCfg = Debug|Any CPU
		{739C884F-D6D8-4755-9A7A-3532EA49C49D}.Debug|Any CPU.Build.0 = Debug|Any CPU
		{739C884F-D6D8-4755-9A7A-3532EA49C49D}.Release|Any CPU.ActiveCfg = Release|Any CPU
		{739C884F-D6D8-4755-9A7A-3532EA49C49D}.Release|Any CPU.Build.0 = Release|Any CPU
		{28629CF3-7958-48BF-BD52-A4314C762F9F}.Debug|Any CPU.ActiveCfg = Debug|Any CPU
		{28629CF3-7958-48BF-BD52-A4314C762F9F}.Debug|Any CPU.Build.0 = Debug|Any CPU
		{28629CF3-7958-48BF-BD52-A4314C762F9F}.Release|Any CPU.ActiveCfg = Release|Any CPU
		{28629CF3-7958-48BF-BD52-A4314C762F9F}.Release|Any CPU.Build.0 = Release|Any CPU
		{747006A5-5160-4A18-B798-058BB3DCA4C2}.Debug|Any CPU.ActiveCfg = Debug|Any CPU
		{747006A5-5160-4A18-B798-058BB3DCA4C2}.Debug|Any CPU.Build.0 = Debug|Any CPU
		{747006A5-5160-4A18-B798-058BB3DCA4C2}.Release|Any CPU.ActiveCfg = Release|Any CPU
		{747006A5-5160-4A18-B798-058BB3DCA4C2}.Release|Any CPU.Build.0 = Release|Any CPU
		{B1B31370-FBE4-445B-803B-5DF1846886AA}.Debug|Any CPU.ActiveCfg = Debug|Any CPU
		{B1B31370-FBE4-445B-803B-5DF1846886AA}.Release|Any CPU.ActiveCfg = Release|Any CPU
		{B1B31370-FBE4-445B-803B-5DF1846886AA}.Release|Any CPU.Build.0 = Release|Any CPU
		{09FC8685-773D-473D-A684-E61F35E4FC91}.Debug|Any CPU.ActiveCfg = Debug|Any CPU
		{09FC8685-773D-473D-A684-E61F35E4FC91}.Release|Any CPU.ActiveCfg = Release|Any CPU
		{09FC8685-773D-473D-A684-E61F35E4FC91}.Release|Any CPU.Build.0 = Release|Any CPU
		{8A9A1085-B2D2-4698-8AE7-F0F98D074285}.Debug|Any CPU.ActiveCfg = Debug|Any CPU
		{8A9A1085-B2D2-4698-8AE7-F0F98D074285}.Release|Any CPU.ActiveCfg = Release|Any CPU
		{8A9A1085-B2D2-4698-8AE7-F0F98D074285}.Release|Any CPU.Build.0 = Release|Any CPU
		{B33631FD-82EB-4257-AD02-CA9972EAFEA8}.Debug|Any CPU.ActiveCfg = Debug|Any CPU
		{B33631FD-82EB-4257-AD02-CA9972EAFEA8}.Debug|Any CPU.Build.0 = Debug|Any CPU
		{B33631FD-82EB-4257-AD02-CA9972EAFEA8}.Release|Any CPU.ActiveCfg = Release|Any CPU
		{B33631FD-82EB-4257-AD02-CA9972EAFEA8}.Release|Any CPU.Build.0 = Release|Any CPU
		{7002CA27-E78D-49FF-8888-E43B842B8C6A}.Debug|Any CPU.ActiveCfg = Debug|Any CPU
		{7002CA27-E78D-49FF-8888-E43B842B8C6A}.Debug|Any CPU.Build.0 = Debug|Any CPU
		{7002CA27-E78D-49FF-8888-E43B842B8C6A}.Release|Any CPU.ActiveCfg = Release|Any CPU
		{7002CA27-E78D-49FF-8888-E43B842B8C6A}.Release|Any CPU.Build.0 = Release|Any CPU
	EndGlobalSection
	GlobalSection(SolutionProperties) = preSolution
		HideSolutionNode = FALSE
	EndGlobalSection
	GlobalSection(ExtensibilityGlobals) = postSolution
		SolutionGuid = {4E82BF81-75C9-4014-AA09-AA82B1242845}
	EndGlobalSection
EndGlobal
