
Microsoft Visual Studio Solution File, Format Version 12.00
# Visual Studio 14
VisualStudioVersion = 14.0.25420.1
MinimumVisualStudioVersion = 10.0.40219.1
Project("{FAE04EC0-301F-11D3-BF4B-00C04F79EFBC}") = "ClickHouse.Test", "ClickHouse.Test\ClickHouse.Test.csproj", "{D7BCED7E-B5EC-4D3B-9403-0465077DF080}"
EndProject
Project("{FAE04EC0-301F-11D3-BF4B-00C04F79EFBC}") = "ClickHouse.Ado", "ClickHouse.Ado\ClickHouse.Ado.csproj", "{28629CF3-7958-48BF-BD52-A4314C762F9F}"
EndProject
Global
	GlobalSection(SolutionConfigurationPlatforms) = preSolution
		Debug|Any CPU = Debug|Any CPU
		Release|Any CPU = Release|Any CPU
	EndGlobalSection
	GlobalSection(ProjectConfigurationPlatforms) = postSolution
		{D7BCED7E-B5EC-4D3B-9403-0465077DF080}.Debug|Any CPU.ActiveCfg = Debug|Any CPU
		{D7BCED7E-B5EC-4D3B-9403-0465077DF080}.Debug|Any CPU.Build.0 = Debug|Any CPU
		{D7BCED7E-B5EC-4D3B-9403-0465077DF080}.Release|Any CPU.ActiveCfg = Release|Any CPU
		{D7BCED7E-B5EC-4D3B-9403-0465077DF080}.Release|Any CPU.Build.0 = Release|Any CPU
		{28629CF3-7958-48BF-BD52-A4314C762F9F}.Debug|Any CPU.ActiveCfg = Debug|Any CPU
		{28629CF3-7958-48BF-BD52-A4314C762F9F}.Debug|Any CPU.Build.0 = Debug|Any CPU
		{28629CF3-7958-48BF-BD52-A4314C762F9F}.Release|Any CPU.ActiveCfg = Release|Any CPU
		{28629CF3-7958-48BF-BD52-A4314C762F9F}.Release|Any CPU.Build.0 = Release|Any CPU
	EndGlobalSection
	GlobalSection(SolutionProperties) = preSolution
		HideSolutionNode = FALSE
	EndGlobalSection
EndGlobal
